
Microsoft Visual Studio Solution File, Format Version 12.00
# Visual Studio 15
VisualStudioVersion = 15.0.27130.2027
MinimumVisualStudioVersion = 10.0.40219.1
Project("{FAE04EC0-301F-11D3-BF4B-00C04F79EFBC}") = "ClassLog", "ClassLog\ClassLog.csproj", "{344C9351-B833-4322-90F1-3554BD2B208C}"
EndProject
Project("{FAE04EC0-301F-11D3-BF4B-00C04F79EFBC}") = "Tests", "Tests\Tests.csproj", "{62263FDC-27CA-449F-A670-5E8ACE2D9F49}"
EndProject
Global
	GlobalSection(SolutionConfigurationPlatforms) = preSolution
		Debug|Any CPU = Debug|Any CPU
		Release|Any CPU = Release|Any CPU
	EndGlobalSection
	GlobalSection(ProjectConfigurationPlatforms) = postSolution
		{344C9351-B833-4322-90F1-3554BD2B208C}.Debug|Any CPU.ActiveCfg = Debug|Any CPU
		{344C9351-B833-4322-90F1-3554BD2B208C}.Debug|Any CPU.Build.0 = Debug|Any CPU
		{344C9351-B833-4322-90F1-3554BD2B208C}.Release|Any CPU.ActiveCfg = Release|Any CPU
		{344C9351-B833-4322-90F1-3554BD2B208C}.Release|Any CPU.Build.0 = Release|Any CPU
		{62263FDC-27CA-449F-A670-5E8ACE2D9F49}.Debug|Any CPU.ActiveCfg = Debug|Any CPU
		{62263FDC-27CA-449F-A670-5E8ACE2D9F49}.Debug|Any CPU.Build.0 = Debug|Any CPU
		{62263FDC-27CA-449F-A670-5E8ACE2D9F49}.Release|Any CPU.ActiveCfg = Release|Any CPU
		{62263FDC-27CA-449F-A670-5E8ACE2D9F49}.Release|Any CPU.Build.0 = Release|Any CPU
	EndGlobalSection
	GlobalSection(SolutionProperties) = preSolution
		HideSolutionNode = FALSE
	EndGlobalSection
	GlobalSection(ExtensibilityGlobals) = postSolution
		SolutionGuid = {108DDD4D-1F0C-4925-83EA-40A76083C17B}
	EndGlobalSection
	GlobalSection(TeamFoundationVersionControl) = preSolution
		SccNumberOfProjects = 3
		SccEnterpriseProvider = {4CA58AB2-18FA-4F8D-95D4-32DDF27D184C}
		SccTeamFoundationServer = https://ra00099907.visualstudio.com/
		SccLocalPath0 = .
		SccProjectUniqueName1 = ClassLog\\ClassLog.csproj
		SccProjectName1 = ClassLog
		SccLocalPath1 = ClassLog
		SccProjectUniqueName2 = Tests\\Tests.csproj
		SccProjectName2 = Tests
		SccLocalPath2 = Tests
	EndGlobalSection
EndGlobal
